
Microsoft Visual Studio Solution File, Format Version 12.00
# Visual Studio Version 16
VisualStudioVersion = 16.6.30114.105
MinimumVisualStudioVersion = 10.0.40219.1
Project("{2150E333-8FDC-42A3-9474-1A3956D46DE8}") = "src", "src", "{7801B5B3-36E1-4818-B7B6-72B0FA91E9AD}"
EndProject
Project("{FAE04EC0-301F-11D3-BF4B-00C04F79EFBC}") = "CommandAPI", "src\CommandAPI\CommandAPI.csproj", "{AB68243A-2871-4E42-8E31-03BDEB887ECF}"
EndProject
Project("{2150E333-8FDC-42A3-9474-1A3956D46DE8}") = "test", "test", "{0BE86F5F-7556-487C-824B-CAC049DA8241}"
EndProject
Project("{FAE04EC0-301F-11D3-BF4B-00C04F79EFBC}") = "CommandAPI.Tests", "test\CommandAPI.Tests\CommandAPI.Tests.csproj", "{4895355B-F739-4576-86A2-6671AA183A70}"
EndProject
Global
	GlobalSection(SolutionConfigurationPlatforms) = preSolution
		Debug|Any CPU = Debug|Any CPU
		Debug|x64 = Debug|x64
		Debug|x86 = Debug|x86
		Release|Any CPU = Release|Any CPU
		Release|x64 = Release|x64
		Release|x86 = Release|x86
	EndGlobalSection
	GlobalSection(SolutionProperties) = preSolution
		HideSolutionNode = FALSE
	EndGlobalSection
	GlobalSection(ProjectConfigurationPlatforms) = postSolution
		{AB68243A-2871-4E42-8E31-03BDEB887ECF}.Debug|Any CPU.ActiveCfg = Debug|Any CPU
		{AB68243A-2871-4E42-8E31-03BDEB887ECF}.Debug|Any CPU.Build.0 = Debug|Any CPU
		{AB68243A-2871-4E42-8E31-03BDEB887ECF}.Debug|x64.ActiveCfg = Debug|Any CPU
		{AB68243A-2871-4E42-8E31-03BDEB887ECF}.Debug|x64.Build.0 = Debug|Any CPU
		{AB68243A-2871-4E42-8E31-03BDEB887ECF}.Debug|x86.ActiveCfg = Debug|Any CPU
		{AB68243A-2871-4E42-8E31-03BDEB887ECF}.Debug|x86.Build.0 = Debug|Any CPU
		{AB68243A-2871-4E42-8E31-03BDEB887ECF}.Release|Any CPU.ActiveCfg = Release|Any CPU
		{AB68243A-2871-4E42-8E31-03BDEB887ECF}.Release|Any CPU.Build.0 = Release|Any CPU
		{AB68243A-2871-4E42-8E31-03BDEB887ECF}.Release|x64.ActiveCfg = Release|Any CPU
		{AB68243A-2871-4E42-8E31-03BDEB887ECF}.Release|x64.Build.0 = Release|Any CPU
		{AB68243A-2871-4E42-8E31-03BDEB887ECF}.Release|x86.ActiveCfg = Release|Any CPU
		{AB68243A-2871-4E42-8E31-03BDEB887ECF}.Release|x86.Build.0 = Release|Any CPU
		{4895355B-F739-4576-86A2-6671AA183A70}.Debug|Any CPU.ActiveCfg = Debug|Any CPU
		{4895355B-F739-4576-86A2-6671AA183A70}.Debug|Any CPU.Build.0 = Debug|Any CPU
		{4895355B-F739-4576-86A2-6671AA183A70}.Debug|x64.ActiveCfg = Debug|Any CPU
		{4895355B-F739-4576-86A2-6671AA183A70}.Debug|x64.Build.0 = Debug|Any CPU
		{4895355B-F739-4576-86A2-6671AA183A70}.Debug|x86.ActiveCfg = Debug|Any CPU
		{4895355B-F739-4576-86A2-6671AA183A70}.Debug|x86.Build.0 = Debug|Any CPU
		{4895355B-F739-4576-86A2-6671AA183A70}.Release|Any CPU.ActiveCfg = Release|Any CPU
		{4895355B-F739-4576-86A2-6671AA183A70}.Release|Any CPU.Build.0 = Release|Any CPU
		{4895355B-F739-4576-86A2-6671AA183A70}.Release|x64.ActiveCfg = Release|Any CPU
		{4895355B-F739-4576-86A2-6671AA183A70}.Release|x64.Build.0 = Release|Any CPU
		{4895355B-F739-4576-86A2-6671AA183A70}.Release|x86.ActiveCfg = Release|Any CPU
		{4895355B-F739-4576-86A2-6671AA183A70}.Release|x86.Build.0 = Release|Any CPU
	EndGlobalSection
	GlobalSection(NestedProjects) = preSolution
		{AB68243A-2871-4E42-8E31-03BDEB887ECF} = {7801B5B3-36E1-4818-B7B6-72B0FA91E9AD}
		{4895355B-F739-4576-86A2-6671AA183A70} = {0BE86F5F-7556-487C-824B-CAC049DA8241}
	EndGlobalSection
EndGlobal
